
Microsoft Visual Studio Solution File, Format Version 12.00
# Visual Studio Version 16
VisualStudioVersion = 16.0.30717.126
MinimumVisualStudioVersion = 10.0.40219.1
Project("{9A19103F-16F7-4668-BE54-9A1E7A4F7556}") = "NextionHardwareMonitor.Console", "NextionHardwareMonitor.Console\NextionHardwareMonitor.Console.csproj", "{3E57A4E0-BC17-4B6B-8C51-55EA216B9743}"
EndProject
Global
	GlobalSection(SolutionConfigurationPlatforms) = preSolution
		Debug|Any CPU = Debug|Any CPU
		Release|Any CPU = Release|Any CPU
	EndGlobalSection
	GlobalSection(ProjectConfigurationPlatforms) = postSolution
		{3E57A4E0-BC17-4B6B-8C51-55EA216B9743}.Debug|Any CPU.ActiveCfg = Debug|Any CPU
		{3E57A4E0-BC17-4B6B-8C51-55EA216B9743}.Debug|Any CPU.Build.0 = Debug|Any CPU
		{3E57A4E0-BC17-4B6B-8C51-55EA216B9743}.Release|Any CPU.ActiveCfg = Release|Any CPU
		{3E57A4E0-BC17-4B6B-8C51-55EA216B9743}.Release|Any CPU.Build.0 = Release|Any CPU
	EndGlobalSection
	GlobalSection(SolutionProperties) = preSolution
		HideSolutionNode = FALSE
	EndGlobalSection
	GlobalSection(ExtensibilityGlobals) = postSolution
		SolutionGuid = {E88DD7C6-0673-4A28-9766-8CD71DE03EEB}
	EndGlobalSection
EndGlobal
